
Microsoft Visual Studio Solution File, Format Version 12.00
# Visual Studio Version 16
VisualStudioVersion = 16.0.34031.81
MinimumVisualStudioVersion = 10.0.40219.1
Project("{FAE04EC0-301F-11D3-BF4B-00C04F79EFBC}") = "WebApplication6", "WebApplication6.csproj", "{B3C3493C-57BE-4D2A-AF50-10AA56A05F3A}"
EndProject
Global
	GlobalSection(SolutionConfigurationPlatforms) = preSolution
		Debug|Any CPU = Debug|Any CPU
		Release|Any CPU = Release|Any CPU
	EndGlobalSection
	GlobalSection(ProjectConfigurationPlatforms) = postSolution
		{B3C3493C-57BE-4D2A-AF50-10AA56A05F3A}.Debug|Any CPU.ActiveCfg = Debug|Any CPU
		{B3C3493C-57BE-4D2A-AF50-10AA56A05F3A}.Debug|Any CPU.Build.0 = Debug|Any CPU
		{B3C3493C-57BE-4D2A-AF50-10AA56A05F3A}.Release|Any CPU.ActiveCfg = Release|Any CPU
		{B3C3493C-57BE-4D2A-AF50-10AA56A05F3A}.Release|Any CPU.Build.0 = Release|Any CPU
	EndGlobalSection
	GlobalSection(SolutionProperties) = preSolution
		HideSolutionNode = FALSE
	EndGlobalSection
	GlobalSection(ExtensibilityGlobals) = postSolution
		SolutionGuid = {936D5FB8-9609-4432-9B1C-ED0B00FE0F05}
	EndGlobalSection
EndGlobal
